
Microsoft Visual Studio Solution File, Format Version 12.00
# Visual Studio 15
VisualStudioVersion = 15.0.26430.4
MinimumVisualStudioVersion = 10.0.40219.1
Project("{9A19103F-16F7-4668-BE54-9A1E7A4F7556}") = "CorsPolicySettings", "CorsPolicySettings\CorsPolicySettings.csproj", "{5C2E164A-EE2F-4A23-9188-93EC0E1C3A98}"
EndProject
Project("{FAE04EC0-301F-11D3-BF4B-00C04F79EFBC}") = "CorsPolicySettings.Sample", "Samples\CorsPolicySettings.Sample\CorsPolicySettings.Sample.csproj", "{6B550420-F0A5-49A9-A3C3-3F4C5951EACB}"
EndProject
Global
	GlobalSection(SolutionConfigurationPlatforms) = preSolution
		Debug|Any CPU = Debug|Any CPU
		Release|Any CPU = Release|Any CPU
	EndGlobalSection
	GlobalSection(ProjectConfigurationPlatforms) = postSolution
		{5C2E164A-EE2F-4A23-9188-93EC0E1C3A98}.Debug|Any CPU.ActiveCfg = Debug|Any CPU
		{5C2E164A-EE2F-4A23-9188-93EC0E1C3A98}.Debug|Any CPU.Build.0 = Debug|Any CPU
		{5C2E164A-EE2F-4A23-9188-93EC0E1C3A98}.Release|Any CPU.ActiveCfg = Release|Any CPU
		{5C2E164A-EE2F-4A23-9188-93EC0E1C3A98}.Release|Any CPU.Build.0 = Release|Any CPU
		{6B550420-F0A5-49A9-A3C3-3F4C5951EACB}.Debug|Any CPU.ActiveCfg = Debug|Any CPU
		{6B550420-F0A5-49A9-A3C3-3F4C5951EACB}.Debug|Any CPU.Build.0 = Debug|Any CPU
		{6B550420-F0A5-49A9-A3C3-3F4C5951EACB}.Release|Any CPU.ActiveCfg = Release|Any CPU
		{6B550420-F0A5-49A9-A3C3-3F4C5951EACB}.Release|Any CPU.Build.0 = Release|Any CPU
	EndGlobalSection
	GlobalSection(SolutionProperties) = preSolution
		HideSolutionNode = FALSE
	EndGlobalSection
EndGlobal
